
Microsoft Visual Studio Solution File, Format Version 12.00
# Visual Studio Version 17
VisualStudioVersion = 17.0.32014.148
MinimumVisualStudioVersion = 10.0.40219.1
Project("{FAE04EC0-301F-11D3-BF4B-00C04F79EFBC}") = "BetterCyclopsLockers", "BetterCyclopsLockers\BetterCyclopsLockers.csproj", "{5AC33665-DECD-4251-8821-C6F2CCEE2B80}"
EndProject
Project("{FAE04EC0-301F-11D3-BF4B-00C04F79EFBC}") = "SnowFoxQuantumLocker", "SnowFoxQuantumLocker\SnowFoxQuantumLocker.csproj", "{50F0CF02-52E9-409B-89CA-AC9EEF0203A7}"
EndProject
Project("{FAE04EC0-301F-11D3-BF4B-00C04F79EFBC}") = "DroopingStingersNerf", "DroopingStingersNerf\DroopingStingersNerf.csproj", "{55734D82-EF17-434A-9C13-2EDB5323C14F}"
EndProject
Project("{FAE04EC0-301F-11D3-BF4B-00C04F79EFBC}") = "FasterSnowFoxCharging", "FasterSnowFoxCharging\FasterSnowFoxCharging.csproj", "{7F16603F-D99A-4FDB-8047-E686D218CEA5}"
EndProject
Project("{FAE04EC0-301F-11D3-BF4B-00C04F79EFBC}") = "PlayerToolChanges_BZ", "PlayerToolChanges_BZ\PlayerToolChanges_BZ.csproj", "{3736BBF2-B464-49A1-8F44-359F1E0C942E}"
EndProject
Project("{FAE04EC0-301F-11D3-BF4B-00C04F79EFBC}") = "PlayerToolChanges_SN", "PlayerToolChanges_SN\PlayerToolChanges_SN.csproj", "{7697334B-EFEF-427A-B4A5-DDE954F5754C}"
EndProject
Project("{FAE04EC0-301F-11D3-BF4B-00C04F79EFBC}") = "QuantumLockerMute", "QuantumLockerMute\QuantumLockerMute.csproj", "{9628045B-3D8D-4E98-A9CA-5857E84157D8}"
EndProject
Project("{FAE04EC0-301F-11D3-BF4B-00C04F79EFBC}") = "AdaptiveTeleportingCosts", "SeaDragonHealthBuff\AdaptiveTeleportingCosts.csproj", "{09157B0B-67EA-4F36-94A9-D9C246995736}"
EndProject
Project("{FAE04EC0-301F-11D3-BF4B-00C04F79EFBC}") = "CyclopsVehicleUpgradeConsole", "CyclopsVehicleUpgradeConsole\CyclopsVehicleUpgradeConsole.csproj", "{738AFE90-1E2C-4255-8AE8-72B37C1CEC82}"
EndProject
Project("{FAE04EC0-301F-11D3-BF4B-00C04F79EFBC}") = "RemoteControlVehicles", "RemoteControlVehicles\RemoteControlVehicles.csproj", "{8A9BC930-63B3-4290-BCA5-B3D0011DEB1A}"
EndProject
Project("{FAE04EC0-301F-11D3-BF4B-00C04F79EFBC}") = "CyclopsWindows", "CyclopsWindows\CyclopsWindows.csproj", "{76BCE5A6-6BB6-47AD-9F0E-73486C5C37B9}"
EndProject
Project("{FAE04EC0-301F-11D3-BF4B-00C04F79EFBC}") = "SeedsFromHarvesting", "SeedsFromHarvesting\SeedsFromHarvesting.csproj", "{10487094-0A14-471A-90BE-6AA7021F4EFE}"
EndProject
Project("{FAE04EC0-301F-11D3-BF4B-00C04F79EFBC}") = "InvincibleDockedVehicles", "InvincibleDockedVehicles\InvincibleDockedVehicles.csproj", "{6222E2BB-E639-49F9-BC84-0A73A86F3F75}"
EndProject
Project("{FAE04EC0-301F-11D3-BF4B-00C04F79EFBC}") = "FlyingSeaTruck", "FlyingSeaTruck\FlyingSeaTruck.csproj", "{6EC0CDB6-85A5-4315-940F-00CA967AC8F7}"
EndProject
Project("{FAE04EC0-301F-11D3-BF4B-00C04F79EFBC}") = "SoundCommand", "SoundCommand\SoundCommand.csproj", "{6558B416-ED56-45A1-B4FC-E77B9C60EA46}"
EndProject
Project("{FAE04EC0-301F-11D3-BF4B-00C04F79EFBC}") = "PickupableVehicles", "PickupableVehicles\PickupableVehicles.csproj", "{855FB262-7E85-4752-8380-6ADC65733D46}"
EndProject
Project("{FAE04EC0-301F-11D3-BF4B-00C04F79EFBC}") = "WarpChip", "WarpChip\WarpChip.csproj", "{A4B7246F-D436-496F-9004-555D24DA1929}"
EndProject
Project("{FAE04EC0-301F-11D3-BF4B-00C04F79EFBC}") = "SpyWatch", "SpyWatch\SpyWatch.csproj", "{9C751ECB-4E38-4389-8042-C86A2C96F521}"
EndProject
Project("{FAE04EC0-301F-11D3-BF4B-00C04F79EFBC}") = "EquippableItemIcons", "EquippableItemIcons\EquippableItemIcons.csproj", "{3984ABC3-4152-487E-BBF9-DA129D2327B5}"
EndProject
Project("{FAE04EC0-301F-11D3-BF4B-00C04F79EFBC}") = "ShieldSuit", "ShieldChip\ShieldSuit.csproj", "{E91ABB4B-B08D-4ADD-9093-BCCDA2BC8134}"
EndProject
Project("{FAE04EC0-301F-11D3-BF4B-00C04F79EFBC}") = "BurstFins", "BurstFins\BurstFins.csproj", "{721A69CE-494D-44DB-98F9-167A6FB60158}"
EndProject
Project("{FAE04EC0-301F-11D3-BF4B-00C04F79EFBC}") = "SonarChip", "SonarChip\SonarChip.csproj", "{DA9E15CD-8C93-4A62-B2C1-44039EBF781C}"
EndProject
Project("{FAE04EC0-301F-11D3-BF4B-00C04F79EFBC}") = "RechargerChips", "RechargerChips\RechargerChips.csproj", "{72915927-10FF-4F2C-AA3F-2340B06AA293}"
EndProject
Project("{FAE04EC0-301F-11D3-BF4B-00C04F79EFBC}") = "CameraDroneUpgrades", "CameraDroneUpgrades\CameraDroneUpgrades.csproj", "{8A9CF9FD-F886-47CD-8BAB-89A975544A37}"
EndProject
Project("{FAE04EC0-301F-11D3-BF4B-00C04F79EFBC}") = "CameraDroneShieldUpgrade", "CameraDroneShieldUpgrade\CameraDroneShieldUpgrade.csproj", "{37566EE8-C2E7-4BDB-97F4-8F452FFE4C87}"
EndProject
Project("{FAE04EC0-301F-11D3-BF4B-00C04F79EFBC}") = "CameraDroneRepairUpgrade", "CameraDroneRepairUpgrade\CameraDroneRepairUpgrade.csproj", "{F542448C-69D2-4E30-B97B-29CD175A368E}"
EndProject
Project("{FAE04EC0-301F-11D3-BF4B-00C04F79EFBC}") = "CameraDroneFlightUpgrade", "CameraDroneFlightModule\CameraDroneFlightUpgrade.csproj", "{0EA09C54-F557-47CE-BC57-1C1975B98AC0}"
EndProject
Project("{FAE04EC0-301F-11D3-BF4B-00C04F79EFBC}") = "CameraDroneStealthUpgrade", "CameraDroneStealthUpgrade\CameraDroneStealthUpgrade.csproj", "{84D7394C-5B8F-4ABD-AD43-5C762790ECD2}"
EndProject
Project("{FAE04EC0-301F-11D3-BF4B-00C04F79EFBC}") = "CameraDroneSpeedUpgrade", "CameraDroneSpeedUpgrade\CameraDroneSpeedUpgrade.csproj", "{8E93ACB0-4700-4417-A821-9A1B1AC2905C}"
EndProject
Project("{FAE04EC0-301F-11D3-BF4B-00C04F79EFBC}") = "CameraDroneStasisUpgrade", "CameraDroneStasisUpgrade\CameraDroneStasisUpgrade.csproj", "{09C683AF-B5FA-4DF6-8601-8DA9676FE207}"
EndProject
Project("{FAE04EC0-301F-11D3-BF4B-00C04F79EFBC}") = "CameraDroneDefenseUpgrade", "CameraDroneDefenseUpgrade\CameraDroneDefenseUpgrade.csproj", "{9EAC1EEA-ED5A-477A-BF80-CE51715CF714}"
EndProject
Global
	GlobalSection(SolutionConfigurationPlatforms) = preSolution
		Debug|Any CPU = Debug|Any CPU
		Release|Any CPU = Release|Any CPU
	EndGlobalSection
	GlobalSection(ProjectConfigurationPlatforms) = postSolution
		{5AC33665-DECD-4251-8821-C6F2CCEE2B80}.Debug|Any CPU.ActiveCfg = Debug|Any CPU
		{5AC33665-DECD-4251-8821-C6F2CCEE2B80}.Debug|Any CPU.Build.0 = Debug|Any CPU
		{5AC33665-DECD-4251-8821-C6F2CCEE2B80}.Release|Any CPU.ActiveCfg = Release|Any CPU
		{5AC33665-DECD-4251-8821-C6F2CCEE2B80}.Release|Any CPU.Build.0 = Release|Any CPU
		{50F0CF02-52E9-409B-89CA-AC9EEF0203A7}.Debug|Any CPU.ActiveCfg = Debug|Any CPU
		{50F0CF02-52E9-409B-89CA-AC9EEF0203A7}.Debug|Any CPU.Build.0 = Debug|Any CPU
		{50F0CF02-52E9-409B-89CA-AC9EEF0203A7}.Release|Any CPU.ActiveCfg = Release|Any CPU
		{50F0CF02-52E9-409B-89CA-AC9EEF0203A7}.Release|Any CPU.Build.0 = Release|Any CPU
		{55734D82-EF17-434A-9C13-2EDB5323C14F}.Debug|Any CPU.ActiveCfg = Debug|Any CPU
		{55734D82-EF17-434A-9C13-2EDB5323C14F}.Debug|Any CPU.Build.0 = Debug|Any CPU
		{55734D82-EF17-434A-9C13-2EDB5323C14F}.Release|Any CPU.ActiveCfg = Release|Any CPU
		{55734D82-EF17-434A-9C13-2EDB5323C14F}.Release|Any CPU.Build.0 = Release|Any CPU
		{7F16603F-D99A-4FDB-8047-E686D218CEA5}.Debug|Any CPU.ActiveCfg = Debug|Any CPU
		{7F16603F-D99A-4FDB-8047-E686D218CEA5}.Debug|Any CPU.Build.0 = Debug|Any CPU
		{7F16603F-D99A-4FDB-8047-E686D218CEA5}.Release|Any CPU.ActiveCfg = Release|Any CPU
		{7F16603F-D99A-4FDB-8047-E686D218CEA5}.Release|Any CPU.Build.0 = Release|Any CPU
		{3736BBF2-B464-49A1-8F44-359F1E0C942E}.Debug|Any CPU.ActiveCfg = Debug|Any CPU
		{3736BBF2-B464-49A1-8F44-359F1E0C942E}.Debug|Any CPU.Build.0 = Debug|Any CPU
		{3736BBF2-B464-49A1-8F44-359F1E0C942E}.Release|Any CPU.ActiveCfg = Release|Any CPU
		{3736BBF2-B464-49A1-8F44-359F1E0C942E}.Release|Any CPU.Build.0 = Release|Any CPU
		{7697334B-EFEF-427A-B4A5-DDE954F5754C}.Debug|Any CPU.ActiveCfg = Debug|Any CPU
		{7697334B-EFEF-427A-B4A5-DDE954F5754C}.Debug|Any CPU.Build.0 = Debug|Any CPU
		{7697334B-EFEF-427A-B4A5-DDE954F5754C}.Release|Any CPU.ActiveCfg = Release|Any CPU
		{7697334B-EFEF-427A-B4A5-DDE954F5754C}.Release|Any CPU.Build.0 = Release|Any CPU
		{9628045B-3D8D-4E98-A9CA-5857E84157D8}.Debug|Any CPU.ActiveCfg = Debug|Any CPU
		{9628045B-3D8D-4E98-A9CA-5857E84157D8}.Debug|Any CPU.Build.0 = Debug|Any CPU
		{9628045B-3D8D-4E98-A9CA-5857E84157D8}.Release|Any CPU.ActiveCfg = Release|Any CPU
		{9628045B-3D8D-4E98-A9CA-5857E84157D8}.Release|Any CPU.Build.0 = Release|Any CPU
		{09157B0B-67EA-4F36-94A9-D9C246995736}.Debug|Any CPU.ActiveCfg = Debug|Any CPU
		{09157B0B-67EA-4F36-94A9-D9C246995736}.Debug|Any CPU.Build.0 = Debug|Any CPU
		{09157B0B-67EA-4F36-94A9-D9C246995736}.Release|Any CPU.ActiveCfg = Release|Any CPU
		{09157B0B-67EA-4F36-94A9-D9C246995736}.Release|Any CPU.Build.0 = Release|Any CPU
		{738AFE90-1E2C-4255-8AE8-72B37C1CEC82}.Debug|Any CPU.ActiveCfg = Debug|Any CPU
		{738AFE90-1E2C-4255-8AE8-72B37C1CEC82}.Debug|Any CPU.Build.0 = Debug|Any CPU
		{738AFE90-1E2C-4255-8AE8-72B37C1CEC82}.Release|Any CPU.ActiveCfg = Release|Any CPU
		{738AFE90-1E2C-4255-8AE8-72B37C1CEC82}.Release|Any CPU.Build.0 = Release|Any CPU
		{8A9BC930-63B3-4290-BCA5-B3D0011DEB1A}.Debug|Any CPU.ActiveCfg = Debug|Any CPU
		{8A9BC930-63B3-4290-BCA5-B3D0011DEB1A}.Debug|Any CPU.Build.0 = Debug|Any CPU
		{8A9BC930-63B3-4290-BCA5-B3D0011DEB1A}.Release|Any CPU.ActiveCfg = Release|Any CPU
		{8A9BC930-63B3-4290-BCA5-B3D0011DEB1A}.Release|Any CPU.Build.0 = Release|Any CPU
		{76BCE5A6-6BB6-47AD-9F0E-73486C5C37B9}.Debug|Any CPU.ActiveCfg = Debug|Any CPU
		{76BCE5A6-6BB6-47AD-9F0E-73486C5C37B9}.Debug|Any CPU.Build.0 = Debug|Any CPU
		{76BCE5A6-6BB6-47AD-9F0E-73486C5C37B9}.Release|Any CPU.ActiveCfg = Release|Any CPU
		{76BCE5A6-6BB6-47AD-9F0E-73486C5C37B9}.Release|Any CPU.Build.0 = Release|Any CPU
		{10487094-0A14-471A-90BE-6AA7021F4EFE}.Debug|Any CPU.ActiveCfg = Debug|Any CPU
		{10487094-0A14-471A-90BE-6AA7021F4EFE}.Debug|Any CPU.Build.0 = Debug|Any CPU
		{10487094-0A14-471A-90BE-6AA7021F4EFE}.Release|Any CPU.ActiveCfg = Release|Any CPU
		{10487094-0A14-471A-90BE-6AA7021F4EFE}.Release|Any CPU.Build.0 = Release|Any CPU
		{6222E2BB-E639-49F9-BC84-0A73A86F3F75}.Debug|Any CPU.ActiveCfg = Debug|Any CPU
		{6222E2BB-E639-49F9-BC84-0A73A86F3F75}.Debug|Any CPU.Build.0 = Debug|Any CPU
		{6222E2BB-E639-49F9-BC84-0A73A86F3F75}.Release|Any CPU.ActiveCfg = Release|Any CPU
		{6222E2BB-E639-49F9-BC84-0A73A86F3F75}.Release|Any CPU.Build.0 = Release|Any CPU
		{6EC0CDB6-85A5-4315-940F-00CA967AC8F7}.Debug|Any CPU.ActiveCfg = Debug|Any CPU
		{6EC0CDB6-85A5-4315-940F-00CA967AC8F7}.Debug|Any CPU.Build.0 = Debug|Any CPU
		{6EC0CDB6-85A5-4315-940F-00CA967AC8F7}.Release|Any CPU.ActiveCfg = Release|Any CPU
		{6EC0CDB6-85A5-4315-940F-00CA967AC8F7}.Release|Any CPU.Build.0 = Release|Any CPU
		{6558B416-ED56-45A1-B4FC-E77B9C60EA46}.Debug|Any CPU.ActiveCfg = Debug|Any CPU
		{6558B416-ED56-45A1-B4FC-E77B9C60EA46}.Debug|Any CPU.Build.0 = Debug|Any CPU
		{6558B416-ED56-45A1-B4FC-E77B9C60EA46}.Release|Any CPU.ActiveCfg = Release|Any CPU
		{6558B416-ED56-45A1-B4FC-E77B9C60EA46}.Release|Any CPU.Build.0 = Release|Any CPU
		{855FB262-7E85-4752-8380-6ADC65733D46}.Debug|Any CPU.ActiveCfg = Debug|Any CPU
		{855FB262-7E85-4752-8380-6ADC65733D46}.Debug|Any CPU.Build.0 = Debug|Any CPU
		{855FB262-7E85-4752-8380-6ADC65733D46}.Release|Any CPU.ActiveCfg = Release|Any CPU
		{855FB262-7E85-4752-8380-6ADC65733D46}.Release|Any CPU.Build.0 = Release|Any CPU
		{A4B7246F-D436-496F-9004-555D24DA1929}.Debug|Any CPU.ActiveCfg = Debug|Any CPU
		{A4B7246F-D436-496F-9004-555D24DA1929}.Debug|Any CPU.Build.0 = Debug|Any CPU
		{A4B7246F-D436-496F-9004-555D24DA1929}.Release|Any CPU.ActiveCfg = Release|Any CPU
		{A4B7246F-D436-496F-9004-555D24DA1929}.Release|Any CPU.Build.0 = Release|Any CPU
		{9C751ECB-4E38-4389-8042-C86A2C96F521}.Debug|Any CPU.ActiveCfg = Debug|Any CPU
		{9C751ECB-4E38-4389-8042-C86A2C96F521}.Debug|Any CPU.Build.0 = Debug|Any CPU
		{9C751ECB-4E38-4389-8042-C86A2C96F521}.Release|Any CPU.ActiveCfg = Release|Any CPU
		{9C751ECB-4E38-4389-8042-C86A2C96F521}.Release|Any CPU.Build.0 = Release|Any CPU
		{3984ABC3-4152-487E-BBF9-DA129D2327B5}.Debug|Any CPU.ActiveCfg = Debug|Any CPU
		{3984ABC3-4152-487E-BBF9-DA129D2327B5}.Debug|Any CPU.Build.0 = Debug|Any CPU
		{3984ABC3-4152-487E-BBF9-DA129D2327B5}.Release|Any CPU.ActiveCfg = Release|Any CPU
		{3984ABC3-4152-487E-BBF9-DA129D2327B5}.Release|Any CPU.Build.0 = Release|Any CPU
		{E91ABB4B-B08D-4ADD-9093-BCCDA2BC8134}.Debug|Any CPU.ActiveCfg = Debug|Any CPU
		{E91ABB4B-B08D-4ADD-9093-BCCDA2BC8134}.Debug|Any CPU.Build.0 = Debug|Any CPU
		{E91ABB4B-B08D-4ADD-9093-BCCDA2BC8134}.Release|Any CPU.ActiveCfg = Release|Any CPU
		{E91ABB4B-B08D-4ADD-9093-BCCDA2BC8134}.Release|Any CPU.Build.0 = Release|Any CPU
		{721A69CE-494D-44DB-98F9-167A6FB60158}.Debug|Any CPU.ActiveCfg = Debug|Any CPU
		{721A69CE-494D-44DB-98F9-167A6FB60158}.Debug|Any CPU.Build.0 = Debug|Any CPU
		{721A69CE-494D-44DB-98F9-167A6FB60158}.Release|Any CPU.ActiveCfg = Release|Any CPU
		{721A69CE-494D-44DB-98F9-167A6FB60158}.Release|Any CPU.Build.0 = Release|Any CPU
		{DA9E15CD-8C93-4A62-B2C1-44039EBF781C}.Debug|Any CPU.ActiveCfg = Debug|Any CPU
		{DA9E15CD-8C93-4A62-B2C1-44039EBF781C}.Debug|Any CPU.Build.0 = Debug|Any CPU
		{DA9E15CD-8C93-4A62-B2C1-44039EBF781C}.Release|Any CPU.ActiveCfg = Release|Any CPU
		{DA9E15CD-8C93-4A62-B2C1-44039EBF781C}.Release|Any CPU.Build.0 = Release|Any CPU
		{72915927-10FF-4F2C-AA3F-2340B06AA293}.Debug|Any CPU.ActiveCfg = Debug|Any CPU
		{72915927-10FF-4F2C-AA3F-2340B06AA293}.Debug|Any CPU.Build.0 = Debug|Any CPU
		{72915927-10FF-4F2C-AA3F-2340B06AA293}.Release|Any CPU.ActiveCfg = Release|Any CPU
		{72915927-10FF-4F2C-AA3F-2340B06AA293}.Release|Any CPU.Build.0 = Release|Any CPU
		{8A9CF9FD-F886-47CD-8BAB-89A975544A37}.Debug|Any CPU.ActiveCfg = Debug|Any CPU
		{8A9CF9FD-F886-47CD-8BAB-89A975544A37}.Debug|Any CPU.Build.0 = Debug|Any CPU
		{8A9CF9FD-F886-47CD-8BAB-89A975544A37}.Release|Any CPU.ActiveCfg = Release|Any CPU
		{8A9CF9FD-F886-47CD-8BAB-89A975544A37}.Release|Any CPU.Build.0 = Release|Any CPU
		{37566EE8-C2E7-4BDB-97F4-8F452FFE4C87}.Debug|Any CPU.ActiveCfg = Debug|Any CPU
		{37566EE8-C2E7-4BDB-97F4-8F452FFE4C87}.Debug|Any CPU.Build.0 = Debug|Any CPU
		{37566EE8-C2E7-4BDB-97F4-8F452FFE4C87}.Release|Any CPU.ActiveCfg = Release|Any CPU
		{37566EE8-C2E7-4BDB-97F4-8F452FFE4C87}.Release|Any CPU.Build.0 = Release|Any CPU
		{F542448C-69D2-4E30-B97B-29CD175A368E}.Debug|Any CPU.ActiveCfg = Debug|Any CPU
		{F542448C-69D2-4E30-B97B-29CD175A368E}.Debug|Any CPU.Build.0 = Debug|Any CPU
		{F542448C-69D2-4E30-B97B-29CD175A368E}.Release|Any CPU.ActiveCfg = Release|Any CPU
		{F542448C-69D2-4E30-B97B-29CD175A368E}.Release|Any CPU.Build.0 = Release|Any CPU
		{0EA09C54-F557-47CE-BC57-1C1975B98AC0}.Debug|Any CPU.ActiveCfg = Debug|Any CPU
		{0EA09C54-F557-47CE-BC57-1C1975B98AC0}.Debug|Any CPU.Build.0 = Debug|Any CPU
		{0EA09C54-F557-47CE-BC57-1C1975B98AC0}.Release|Any CPU.ActiveCfg = Release|Any CPU
		{0EA09C54-F557-47CE-BC57-1C1975B98AC0}.Release|Any CPU.Build.0 = Release|Any CPU
		{84D7394C-5B8F-4ABD-AD43-5C762790ECD2}.Debug|Any CPU.ActiveCfg = Debug|Any CPU
		{84D7394C-5B8F-4ABD-AD43-5C762790ECD2}.Debug|Any CPU.Build.0 = Debug|Any CPU
		{84D7394C-5B8F-4ABD-AD43-5C762790ECD2}.Release|Any CPU.ActiveCfg = Release|Any CPU
		{84D7394C-5B8F-4ABD-AD43-5C762790ECD2}.Release|Any CPU.Build.0 = Release|Any CPU
		{8E93ACB0-4700-4417-A821-9A1B1AC2905C}.Debug|Any CPU.ActiveCfg = Debug|Any CPU
		{8E93ACB0-4700-4417-A821-9A1B1AC2905C}.Debug|Any CPU.Build.0 = Debug|Any CPU
		{8E93ACB0-4700-4417-A821-9A1B1AC2905C}.Release|Any CPU.ActiveCfg = Release|Any CPU
		{8E93ACB0-4700-4417-A821-9A1B1AC2905C}.Release|Any CPU.Build.0 = Release|Any CPU
		{09C683AF-B5FA-4DF6-8601-8DA9676FE207}.Debug|Any CPU.ActiveCfg = Debug|Any CPU
		{09C683AF-B5FA-4DF6-8601-8DA9676FE207}.Debug|Any CPU.Build.0 = Debug|Any CPU
		{09C683AF-B5FA-4DF6-8601-8DA9676FE207}.Release|Any CPU.ActiveCfg = Release|Any CPU
		{09C683AF-B5FA-4DF6-8601-8DA9676FE207}.Release|Any CPU.Build.0 = Release|Any CPU
		{9EAC1EEA-ED5A-477A-BF80-CE51715CF714}.Debug|Any CPU.ActiveCfg = Debug|Any CPU
		{9EAC1EEA-ED5A-477A-BF80-CE51715CF714}.Debug|Any CPU.Build.0 = Debug|Any CPU
		{9EAC1EEA-ED5A-477A-BF80-CE51715CF714}.Release|Any CPU.ActiveCfg = Release|Any CPU
		{9EAC1EEA-ED5A-477A-BF80-CE51715CF714}.Release|Any CPU.Build.0 = Release|Any CPU
	EndGlobalSection
	GlobalSection(SolutionProperties) = preSolution
		HideSolutionNode = FALSE
	EndGlobalSection
	GlobalSection(ExtensibilityGlobals) = postSolution
		SolutionGuid = {B8B33FF0-F500-4492-B0F8-1D8E0397224E}
	EndGlobalSection
EndGlobal
