
Microsoft Visual Studio Solution File, Format Version 12.00
# Visual Studio Version 17
VisualStudioVersion = 17.0.32014.148
MinimumVisualStudioVersion = 10.0.40219.1
Project("{FAE04EC0-301F-11D3-BF4B-00C04F79EFBC}") = "BetterCyclopsLockers", "BetterCyclopsLockers\BetterCyclopsLockers.csproj", "{5AC33665-DECD-4251-8821-C6F2CCEE2B80}"
EndProject
Project("{FAE04EC0-301F-11D3-BF4B-00C04F79EFBC}") = "SnowFoxQuantumLocker", "SnowFoxQuantumLocker\SnowFoxQuantumLocker.csproj", "{50F0CF02-52E9-409B-89CA-AC9EEF0203A7}"
EndProject
Project("{FAE04EC0-301F-11D3-BF4B-00C04F79EFBC}") = "DroopingStingersNerf", "DroopingStingersNerf\DroopingStingersNerf.csproj", "{55734D82-EF17-434A-9C13-2EDB5323C14F}"
EndProject
Project("{FAE04EC0-301F-11D3-BF4B-00C04F79EFBC}") = "FasterSnowFoxCharging", "FasterSnowFoxCharging\FasterSnowFoxCharging.csproj", "{7F16603F-D99A-4FDB-8047-E686D218CEA5}"
EndProject
Project("{FAE04EC0-301F-11D3-BF4B-00C04F79EFBC}") = "PlayerToolChanges", "PlayerToolChanges_SN\PlayerToolChanges.csproj", "{7697334B-EFEF-427A-B4A5-DDE954F5754C}"
EndProject
Project("{FAE04EC0-301F-11D3-BF4B-00C04F79EFBC}") = "QuantumLockerMute", "QuantumLockerMute\QuantumLockerMute.csproj", "{9628045B-3D8D-4E98-A9CA-5857E84157D8}"
EndProject
Project("{FAE04EC0-301F-11D3-BF4B-00C04F79EFBC}") = "AdaptiveTeleportingCosts", "SeaDragonHealthBuff\AdaptiveTeleportingCosts.csproj", "{09157B0B-67EA-4F36-94A9-D9C246995736}"
EndProject
Project("{FAE04EC0-301F-11D3-BF4B-00C04F79EFBC}") = "CyclopsVehicleUpgradeConsole", "CyclopsVehicleUpgradeConsole\CyclopsVehicleUpgradeConsole.csproj", "{738AFE90-1E2C-4255-8AE8-72B37C1CEC82}"
EndProject
Project("{FAE04EC0-301F-11D3-BF4B-00C04F79EFBC}") = "RemoteControlVehicles", "RemoteControlVehicles\RemoteControlVehicles.csproj", "{8A9BC930-63B3-4290-BCA5-B3D0011DEB1A}"
EndProject
Project("{FAE04EC0-301F-11D3-BF4B-00C04F79EFBC}") = "CyclopsWindows", "CyclopsWindows\CyclopsWindows.csproj", "{76BCE5A6-6BB6-47AD-9F0E-73486C5C37B9}"
EndProject
Project("{FAE04EC0-301F-11D3-BF4B-00C04F79EFBC}") = "SeedsFromHarvesting", "SeedsFromHarvesting\SeedsFromHarvesting.csproj", "{10487094-0A14-471A-90BE-6AA7021F4EFE}"
EndProject
Project("{FAE04EC0-301F-11D3-BF4B-00C04F79EFBC}") = "InvincibleDockedVehicles", "InvincibleDockedVehicles\InvincibleDockedVehicles.csproj", "{6222E2BB-E639-49F9-BC84-0A73A86F3F75}"
EndProject
Project("{FAE04EC0-301F-11D3-BF4B-00C04F79EFBC}") = "FlyingSeaTruck", "FlyingSeaTruck\FlyingSeaTruck.csproj", "{6EC0CDB6-85A5-4315-940F-00CA967AC8F7}"
EndProject
Project("{FAE04EC0-301F-11D3-BF4B-00C04F79EFBC}") = "SoundCommand", "SoundCommand\SoundCommand.csproj", "{6558B416-ED56-45A1-B4FC-E77B9C60EA46}"
EndProject
Project("{FAE04EC0-301F-11D3-BF4B-00C04F79EFBC}") = "PickupableVehicles", "PickupableVehicles\PickupableVehicles.csproj", "{855FB262-7E85-4752-8380-6ADC65733D46}"
EndProject
Project("{FAE04EC0-301F-11D3-BF4B-00C04F79EFBC}") = "WarpChip", "WarpChip\WarpChip.csproj", "{A4B7246F-D436-496F-9004-555D24DA1929}"
EndProject
Project("{FAE04EC0-301F-11D3-BF4B-00C04F79EFBC}") = "SpyWatch", "SpyWatch\SpyWatch.csproj", "{9C751ECB-4E38-4389-8042-C86A2C96F521}"
EndProject
Project("{FAE04EC0-301F-11D3-BF4B-00C04F79EFBC}") = "EquippableItemIcons", "EquippableItemIcons\EquippableItemIcons.csproj", "{3984ABC3-4152-487E-BBF9-DA129D2327B5}"
EndProject
Project("{FAE04EC0-301F-11D3-BF4B-00C04F79EFBC}") = "ShieldSuit", "ShieldChip\ShieldSuit.csproj", "{E91ABB4B-B08D-4ADD-9093-BCCDA2BC8134}"
EndProject
Project("{FAE04EC0-301F-11D3-BF4B-00C04F79EFBC}") = "BurstFins", "BurstFins\BurstFins.csproj", "{721A69CE-494D-44DB-98F9-167A6FB60158}"
EndProject
Project("{FAE04EC0-301F-11D3-BF4B-00C04F79EFBC}") = "SonarChip", "SonarChip\SonarChip.csproj", "{DA9E15CD-8C93-4A62-B2C1-44039EBF781C}"
EndProject
Project("{FAE04EC0-301F-11D3-BF4B-00C04F79EFBC}") = "RechargerChips", "RechargerChips\RechargerChips.csproj", "{72915927-10FF-4F2C-AA3F-2340B06AA293}"
EndProject
Project("{FAE04EC0-301F-11D3-BF4B-00C04F79EFBC}") = "CameraDroneUpgrades", "CameraDroneUpgrades\CameraDroneUpgrades.csproj", "{8A9CF9FD-F886-47CD-8BAB-89A975544A37}"
EndProject
Project("{FAE04EC0-301F-11D3-BF4B-00C04F79EFBC}") = "CameraDroneShieldUpgrade", "CameraDroneShieldUpgrade\CameraDroneShieldUpgrade.csproj", "{37566EE8-C2E7-4BDB-97F4-8F452FFE4C87}"
EndProject
Project("{FAE04EC0-301F-11D3-BF4B-00C04F79EFBC}") = "CameraDroneRepairUpgrade", "CameraDroneRepairUpgrade\CameraDroneRepairUpgrade.csproj", "{F542448C-69D2-4E30-B97B-29CD175A368E}"
EndProject
Project("{FAE04EC0-301F-11D3-BF4B-00C04F79EFBC}") = "CameraDroneFlightUpgrade", "CameraDroneFlightModule\CameraDroneFlightUpgrade.csproj", "{0EA09C54-F557-47CE-BC57-1C1975B98AC0}"
EndProject
Project("{FAE04EC0-301F-11D3-BF4B-00C04F79EFBC}") = "CameraDroneStealthUpgrade", "CameraDroneStealthUpgrade\CameraDroneStealthUpgrade.csproj", "{84D7394C-5B8F-4ABD-AD43-5C762790ECD2}"
EndProject
Project("{FAE04EC0-301F-11D3-BF4B-00C04F79EFBC}") = "CameraDroneSpeedUpgrade", "CameraDroneSpeedUpgrade\CameraDroneSpeedUpgrade.csproj", "{8E93ACB0-4700-4417-A821-9A1B1AC2905C}"
EndProject
Project("{FAE04EC0-301F-11D3-BF4B-00C04F79EFBC}") = "CameraDroneStasisUpgrade", "CameraDroneStasisUpgrade\CameraDroneStasisUpgrade.csproj", "{09C683AF-B5FA-4DF6-8601-8DA9676FE207}"
EndProject
Project("{FAE04EC0-301F-11D3-BF4B-00C04F79EFBC}") = "CameraDroneDefenseUpgrade", "CameraDroneDefenseUpgrade\CameraDroneDefenseUpgrade.csproj", "{9EAC1EEA-ED5A-477A-BF80-CE51715CF714}"
EndProject
Project("{FAE04EC0-301F-11D3-BF4B-00C04F79EFBC}") = "CyclopsTorpedoes", "CyclopsTorpedoes\CyclopsTorpedoes.csproj", "{29A35C07-81A7-439D-BC18-77BBBD4BBDA1}"
EndProject
Project("{FAE04EC0-301F-11D3-BF4B-00C04F79EFBC}") = "EquivalentExchange", "EquivalentExchange\EquivalentExchange.csproj", "{08E062C7-F4EF-4E8C-AAD3-1E8EA996977A}"
EndProject
Project("{FAE04EC0-301F-11D3-BF4B-00C04F79EFBC}") = "ECMModLogger", "ECMModLogger\ECMModLogger.csproj", "{17325E18-F573-4654-A3F9-822188F2355C}"
EndProject
Project("{FAE04EC0-301F-11D3-BF4B-00C04F79EFBC}") = "MiniatureVehicles", "MiniatureVehicles\MiniatureVehicles.csproj", "{538BBEE5-D983-4F38-A6E8-97589D43EC9F}"
EndProject
Project("{FAE04EC0-301F-11D3-BF4B-00C04F79EFBC}") = "CyclopsAntennaFix", "CyclopsAntennaFix\CyclopsAntennaFix.csproj", "{C483F1D0-F5A2-4DD6-ADE2-EB93B128A442}"
EndProject
Project("{FAE04EC0-301F-11D3-BF4B-00C04F79EFBC}") = "MiniatureSuit", "MiniatureSuit\MiniatureSuit.csproj", "{C825B15D-A3B7-4137-B503-94A4FBE17CC3}"
EndProject
Project("{FAE04EC0-301F-11D3-BF4B-00C04F79EFBC}") = "TimeControlSuit", "TimeControlSuit\TimeControlSuit.csproj", "{57758E09-A4A5-4A0C-8624-D233E428BD15}"
EndProject
Project("{FAE04EC0-301F-11D3-BF4B-00C04F79EFBC}") = "StasisSuit", "StasisSuit\StasisSuit.csproj", "{A884359E-D474-4512-A69B-002CAB1B68FE}"
EndProject
Project("{FAE04EC0-301F-11D3-BF4B-00C04F79EFBC}") = "NoFCSDronePort", "NoFCSDronePort\NoFCSDronePort.csproj", "{29D4B25F-7967-4B06-AD2C-7F4A7F9678FE}"
EndProject
Project("{FAE04EC0-301F-11D3-BF4B-00C04F79EFBC}") = "AutoStorageTransfer", "AutoStorageTransfer\AutoStorageTransfer.csproj", "{7C3A517D-FC6D-477B-BCD0-CCE243D75ED5}"
EndProject
Project("{FAE04EC0-301F-11D3-BF4B-00C04F79EFBC}") = "AutoStorageTransferCompatibility", "AutoStorageTransferCompatibility\AutoStorageTransferCompatibility.csproj", "{D819C3E5-A3FC-4616-A52E-E17B0B712E2D}"
EndProject
Project("{FAE04EC0-301F-11D3-BF4B-00C04F79EFBC}") = "QuantumBase", "QuantumBase\QuantumBase.csproj", "{D045B7B8-C7B4-4F39-A9BB-D126DB0E6EDD}"
EndProject
Project("{FAE04EC0-301F-11D3-BF4B-00C04F79EFBC}") = "ArmorSuit", "ArmorSuit\ArmorSuit.csproj", "{19BE3476-0D12-4EFD-984A-EBA56409A602}"
EndProject
Project("{2150E333-8FDC-42A3-9474-1A3956D46DE8}") = "Solution Items", "Solution Items", "{FE6B1793-8D4F-4EF6-AF14-D3C09269C232}"
	ProjectSection(SolutionItems) = preProject
		Configurations.targets = Configurations.targets
		PostBuildEvents.targets = PostBuildEvents.targets
		References.targets = References.targets
	EndProjectSection
EndProject
Global
	GlobalSection(SolutionConfigurationPlatforms) = preSolution
		BZ|Any CPU = BZ|Any CPU
		SN1|Any CPU = SN1|Any CPU
		SN2|Any CPU = SN2|Any CPU
	EndGlobalSection
	GlobalSection(ProjectConfigurationPlatforms) = postSolution
		{5AC33665-DECD-4251-8821-C6F2CCEE2B80}.BZ|Any CPU.ActiveCfg = BZ|Any CPU
		{5AC33665-DECD-4251-8821-C6F2CCEE2B80}.SN1|Any CPU.ActiveCfg = SN1|Any CPU
		{5AC33665-DECD-4251-8821-C6F2CCEE2B80}.SN1|Any CPU.Build.0 = SN1|Any CPU
		{5AC33665-DECD-4251-8821-C6F2CCEE2B80}.SN2|Any CPU.ActiveCfg = SN2|Any CPU
		{5AC33665-DECD-4251-8821-C6F2CCEE2B80}.SN2|Any CPU.Build.0 = SN2|Any CPU
		{50F0CF02-52E9-409B-89CA-AC9EEF0203A7}.BZ|Any CPU.ActiveCfg = BZ|Any CPU
		{50F0CF02-52E9-409B-89CA-AC9EEF0203A7}.BZ|Any CPU.Build.0 = BZ|Any CPU
		{50F0CF02-52E9-409B-89CA-AC9EEF0203A7}.SN1|Any CPU.ActiveCfg = SN1|Any CPU
		{50F0CF02-52E9-409B-89CA-AC9EEF0203A7}.SN2|Any CPU.ActiveCfg = SN2|Any CPU
		{55734D82-EF17-434A-9C13-2EDB5323C14F}.BZ|Any CPU.ActiveCfg = BZ|Any CPU
		{55734D82-EF17-434A-9C13-2EDB5323C14F}.BZ|Any CPU.Build.0 = BZ|Any CPU
		{55734D82-EF17-434A-9C13-2EDB5323C14F}.SN1|Any CPU.ActiveCfg = SN1|Any CPU
		{55734D82-EF17-434A-9C13-2EDB5323C14F}.SN1|Any CPU.Build.0 = SN1|Any CPU
		{55734D82-EF17-434A-9C13-2EDB5323C14F}.SN2|Any CPU.ActiveCfg = SN2|Any CPU
		{55734D82-EF17-434A-9C13-2EDB5323C14F}.SN2|Any CPU.Build.0 = SN2|Any CPU
		{7F16603F-D99A-4FDB-8047-E686D218CEA5}.BZ|Any CPU.ActiveCfg = BZ|Any CPU
		{7F16603F-D99A-4FDB-8047-E686D218CEA5}.BZ|Any CPU.Build.0 = BZ|Any CPU
		{7F16603F-D99A-4FDB-8047-E686D218CEA5}.SN1|Any CPU.ActiveCfg = SN1|Any CPU
		{7F16603F-D99A-4FDB-8047-E686D218CEA5}.SN2|Any CPU.ActiveCfg = SN2|Any CPU
		{7697334B-EFEF-427A-B4A5-DDE954F5754C}.BZ|Any CPU.ActiveCfg = BZ|Any CPU
		{7697334B-EFEF-427A-B4A5-DDE954F5754C}.BZ|Any CPU.Build.0 = BZ|Any CPU
		{7697334B-EFEF-427A-B4A5-DDE954F5754C}.SN1|Any CPU.ActiveCfg = SN1|Any CPU
		{7697334B-EFEF-427A-B4A5-DDE954F5754C}.SN1|Any CPU.Build.0 = SN1|Any CPU
		{7697334B-EFEF-427A-B4A5-DDE954F5754C}.SN2|Any CPU.ActiveCfg = Release|Any CPU
		{9628045B-3D8D-4E98-A9CA-5857E84157D8}.BZ|Any CPU.ActiveCfg = BZ|Any CPU
		{9628045B-3D8D-4E98-A9CA-5857E84157D8}.BZ|Any CPU.Build.0 = BZ|Any CPU
		{9628045B-3D8D-4E98-A9CA-5857E84157D8}.SN1|Any CPU.ActiveCfg = SN1|Any CPU
		{9628045B-3D8D-4E98-A9CA-5857E84157D8}.SN2|Any CPU.ActiveCfg = SN2|Any CPU
		{9628045B-3D8D-4E98-A9CA-5857E84157D8}.SN2|Any CPU.Build.0 = SN2|Any CPU
		{09157B0B-67EA-4F36-94A9-D9C246995736}.BZ|Any CPU.ActiveCfg = BZ|Any CPU
		{09157B0B-67EA-4F36-94A9-D9C246995736}.SN1|Any CPU.ActiveCfg = SN1|Any CPU
		{09157B0B-67EA-4F36-94A9-D9C246995736}.SN1|Any CPU.Build.0 = SN1|Any CPU
		{09157B0B-67EA-4F36-94A9-D9C246995736}.SN2|Any CPU.ActiveCfg = SN2|Any CPU
		{738AFE90-1E2C-4255-8AE8-72B37C1CEC82}.BZ|Any CPU.ActiveCfg = BZ|Any CPU
		{738AFE90-1E2C-4255-8AE8-72B37C1CEC82}.SN1|Any CPU.ActiveCfg = SN1|Any CPU
		{738AFE90-1E2C-4255-8AE8-72B37C1CEC82}.SN1|Any CPU.Build.0 = SN1|Any CPU
		{738AFE90-1E2C-4255-8AE8-72B37C1CEC82}.SN2|Any CPU.ActiveCfg = SN2|Any CPU
		{738AFE90-1E2C-4255-8AE8-72B37C1CEC82}.SN2|Any CPU.Build.0 = SN2|Any CPU
		{8A9BC930-63B3-4290-BCA5-B3D0011DEB1A}.BZ|Any CPU.ActiveCfg = BZ|Any CPU
		{8A9BC930-63B3-4290-BCA5-B3D0011DEB1A}.BZ|Any CPU.Build.0 = BZ|Any CPU
		{8A9BC930-63B3-4290-BCA5-B3D0011DEB1A}.SN1|Any CPU.ActiveCfg = SN1|Any CPU
		{8A9BC930-63B3-4290-BCA5-B3D0011DEB1A}.SN1|Any CPU.Build.0 = SN1|Any CPU
		{8A9BC930-63B3-4290-BCA5-B3D0011DEB1A}.SN2|Any CPU.ActiveCfg = SN2|Any CPU
		{8A9BC930-63B3-4290-BCA5-B3D0011DEB1A}.SN2|Any CPU.Build.0 = SN2|Any CPU
		{76BCE5A6-6BB6-47AD-9F0E-73486C5C37B9}.BZ|Any CPU.ActiveCfg = BZ|Any CPU
		{76BCE5A6-6BB6-47AD-9F0E-73486C5C37B9}.SN1|Any CPU.ActiveCfg = SN1|Any CPU
		{76BCE5A6-6BB6-47AD-9F0E-73486C5C37B9}.SN1|Any CPU.Build.0 = SN1|Any CPU
		{76BCE5A6-6BB6-47AD-9F0E-73486C5C37B9}.SN2|Any CPU.ActiveCfg = SN2|Any CPU
		{76BCE5A6-6BB6-47AD-9F0E-73486C5C37B9}.SN2|Any CPU.Build.0 = SN2|Any CPU
		{10487094-0A14-471A-90BE-6AA7021F4EFE}.BZ|Any CPU.ActiveCfg = BZ|Any CPU
		{10487094-0A14-471A-90BE-6AA7021F4EFE}.BZ|Any CPU.Build.0 = BZ|Any CPU
		{10487094-0A14-471A-90BE-6AA7021F4EFE}.SN1|Any CPU.ActiveCfg = SN1|Any CPU
		{10487094-0A14-471A-90BE-6AA7021F4EFE}.SN1|Any CPU.Build.0 = SN1|Any CPU
		{10487094-0A14-471A-90BE-6AA7021F4EFE}.SN2|Any CPU.ActiveCfg = SN2|Any CPU
		{10487094-0A14-471A-90BE-6AA7021F4EFE}.SN2|Any CPU.Build.0 = SN2|Any CPU
		{6222E2BB-E639-49F9-BC84-0A73A86F3F75}.BZ|Any CPU.ActiveCfg = BZ|Any CPU
		{6222E2BB-E639-49F9-BC84-0A73A86F3F75}.BZ|Any CPU.Build.0 = BZ|Any CPU
		{6222E2BB-E639-49F9-BC84-0A73A86F3F75}.SN1|Any CPU.ActiveCfg = SN1|Any CPU
		{6222E2BB-E639-49F9-BC84-0A73A86F3F75}.SN1|Any CPU.Build.0 = SN1|Any CPU
		{6222E2BB-E639-49F9-BC84-0A73A86F3F75}.SN2|Any CPU.ActiveCfg = SN2|Any CPU
		{6222E2BB-E639-49F9-BC84-0A73A86F3F75}.SN2|Any CPU.Build.0 = SN2|Any CPU
		{6EC0CDB6-85A5-4315-940F-00CA967AC8F7}.BZ|Any CPU.ActiveCfg = BZ|Any CPU
		{6EC0CDB6-85A5-4315-940F-00CA967AC8F7}.BZ|Any CPU.Build.0 = BZ|Any CPU
		{6EC0CDB6-85A5-4315-940F-00CA967AC8F7}.SN1|Any CPU.ActiveCfg = SN1|Any CPU
		{6EC0CDB6-85A5-4315-940F-00CA967AC8F7}.SN2|Any CPU.ActiveCfg = SN2|Any CPU
		{6558B416-ED56-45A1-B4FC-E77B9C60EA46}.BZ|Any CPU.ActiveCfg = BZ|Any CPU
		{6558B416-ED56-45A1-B4FC-E77B9C60EA46}.SN1|Any CPU.ActiveCfg = SN1|Any CPU
		{6558B416-ED56-45A1-B4FC-E77B9C60EA46}.SN1|Any CPU.Build.0 = SN1|Any CPU
		{6558B416-ED56-45A1-B4FC-E77B9C60EA46}.SN2|Any CPU.ActiveCfg = SN2|Any CPU
		{6558B416-ED56-45A1-B4FC-E77B9C60EA46}.SN2|Any CPU.Build.0 = SN2|Any CPU
		{855FB262-7E85-4752-8380-6ADC65733D46}.BZ|Any CPU.ActiveCfg = BZ|Any CPU
		{855FB262-7E85-4752-8380-6ADC65733D46}.BZ|Any CPU.Build.0 = BZ|Any CPU
		{855FB262-7E85-4752-8380-6ADC65733D46}.SN1|Any CPU.ActiveCfg = SN1|Any CPU
		{855FB262-7E85-4752-8380-6ADC65733D46}.SN1|Any CPU.Build.0 = SN1|Any CPU
		{855FB262-7E85-4752-8380-6ADC65733D46}.SN2|Any CPU.ActiveCfg = SN2|Any CPU
		{855FB262-7E85-4752-8380-6ADC65733D46}.SN2|Any CPU.Build.0 = SN2|Any CPU
		{A4B7246F-D436-496F-9004-555D24DA1929}.BZ|Any CPU.ActiveCfg = BZ|Any CPU
		{A4B7246F-D436-496F-9004-555D24DA1929}.BZ|Any CPU.Build.0 = BZ|Any CPU
		{A4B7246F-D436-496F-9004-555D24DA1929}.SN1|Any CPU.ActiveCfg = SN1|Any CPU
		{A4B7246F-D436-496F-9004-555D24DA1929}.SN1|Any CPU.Build.0 = SN1|Any CPU
		{A4B7246F-D436-496F-9004-555D24DA1929}.SN2|Any CPU.ActiveCfg = SN2|Any CPU
		{A4B7246F-D436-496F-9004-555D24DA1929}.SN2|Any CPU.Build.0 = SN2|Any CPU
		{9C751ECB-4E38-4389-8042-C86A2C96F521}.BZ|Any CPU.ActiveCfg = BZ|Any CPU
		{9C751ECB-4E38-4389-8042-C86A2C96F521}.BZ|Any CPU.Build.0 = BZ|Any CPU
		{9C751ECB-4E38-4389-8042-C86A2C96F521}.SN1|Any CPU.ActiveCfg = SN1|Any CPU
		{9C751ECB-4E38-4389-8042-C86A2C96F521}.SN1|Any CPU.Build.0 = SN1|Any CPU
		{9C751ECB-4E38-4389-8042-C86A2C96F521}.SN2|Any CPU.ActiveCfg = SN2|Any CPU
		{9C751ECB-4E38-4389-8042-C86A2C96F521}.SN2|Any CPU.Build.0 = SN2|Any CPU
		{3984ABC3-4152-487E-BBF9-DA129D2327B5}.BZ|Any CPU.ActiveCfg = BZ|Any CPU
		{3984ABC3-4152-487E-BBF9-DA129D2327B5}.BZ|Any CPU.Build.0 = BZ|Any CPU
		{3984ABC3-4152-487E-BBF9-DA129D2327B5}.SN1|Any CPU.ActiveCfg = SN1|Any CPU
		{3984ABC3-4152-487E-BBF9-DA129D2327B5}.SN1|Any CPU.Build.0 = SN1|Any CPU
		{3984ABC3-4152-487E-BBF9-DA129D2327B5}.SN2|Any CPU.ActiveCfg = SN2|Any CPU
		{3984ABC3-4152-487E-BBF9-DA129D2327B5}.SN2|Any CPU.Build.0 = SN2|Any CPU
		{E91ABB4B-B08D-4ADD-9093-BCCDA2BC8134}.BZ|Any CPU.ActiveCfg = BZ|Any CPU
		{E91ABB4B-B08D-4ADD-9093-BCCDA2BC8134}.SN1|Any CPU.ActiveCfg = SN1|Any CPU
		{E91ABB4B-B08D-4ADD-9093-BCCDA2BC8134}.SN1|Any CPU.Build.0 = SN1|Any CPU
		{E91ABB4B-B08D-4ADD-9093-BCCDA2BC8134}.SN2|Any CPU.ActiveCfg = SN2|Any CPU
		{E91ABB4B-B08D-4ADD-9093-BCCDA2BC8134}.SN2|Any CPU.Build.0 = SN2|Any CPU
		{721A69CE-494D-44DB-98F9-167A6FB60158}.BZ|Any CPU.ActiveCfg = BZ|Any CPU
		{721A69CE-494D-44DB-98F9-167A6FB60158}.BZ|Any CPU.Build.0 = BZ|Any CPU
		{721A69CE-494D-44DB-98F9-167A6FB60158}.SN1|Any CPU.ActiveCfg = SN1|Any CPU
		{721A69CE-494D-44DB-98F9-167A6FB60158}.SN1|Any CPU.Build.0 = SN1|Any CPU
		{721A69CE-494D-44DB-98F9-167A6FB60158}.SN2|Any CPU.ActiveCfg = SN2|Any CPU
		{721A69CE-494D-44DB-98F9-167A6FB60158}.SN2|Any CPU.Build.0 = SN2|Any CPU
		{DA9E15CD-8C93-4A62-B2C1-44039EBF781C}.BZ|Any CPU.ActiveCfg = BZ|Any CPU
		{DA9E15CD-8C93-4A62-B2C1-44039EBF781C}.BZ|Any CPU.Build.0 = BZ|Any CPU
		{DA9E15CD-8C93-4A62-B2C1-44039EBF781C}.SN1|Any CPU.ActiveCfg = SN1|Any CPU
		{DA9E15CD-8C93-4A62-B2C1-44039EBF781C}.SN1|Any CPU.Build.0 = SN1|Any CPU
		{DA9E15CD-8C93-4A62-B2C1-44039EBF781C}.SN2|Any CPU.ActiveCfg = SN2|Any CPU
		{DA9E15CD-8C93-4A62-B2C1-44039EBF781C}.SN2|Any CPU.Build.0 = SN2|Any CPU
		{72915927-10FF-4F2C-AA3F-2340B06AA293}.BZ|Any CPU.ActiveCfg = BZ|Any CPU
		{72915927-10FF-4F2C-AA3F-2340B06AA293}.BZ|Any CPU.Build.0 = BZ|Any CPU
		{72915927-10FF-4F2C-AA3F-2340B06AA293}.SN1|Any CPU.ActiveCfg = SN1|Any CPU
		{72915927-10FF-4F2C-AA3F-2340B06AA293}.SN1|Any CPU.Build.0 = SN1|Any CPU
		{72915927-10FF-4F2C-AA3F-2340B06AA293}.SN2|Any CPU.ActiveCfg = SN2|Any CPU
		{72915927-10FF-4F2C-AA3F-2340B06AA293}.SN2|Any CPU.Build.0 = SN2|Any CPU
		{8A9CF9FD-F886-47CD-8BAB-89A975544A37}.BZ|Any CPU.ActiveCfg = BZ|Any CPU
		{8A9CF9FD-F886-47CD-8BAB-89A975544A37}.BZ|Any CPU.Build.0 = BZ|Any CPU
		{8A9CF9FD-F886-47CD-8BAB-89A975544A37}.SN1|Any CPU.ActiveCfg = SN1|Any CPU
		{8A9CF9FD-F886-47CD-8BAB-89A975544A37}.SN1|Any CPU.Build.0 = SN1|Any CPU
		{8A9CF9FD-F886-47CD-8BAB-89A975544A37}.SN2|Any CPU.ActiveCfg = SN2|Any CPU
		{8A9CF9FD-F886-47CD-8BAB-89A975544A37}.SN2|Any CPU.Build.0 = SN2|Any CPU
		{37566EE8-C2E7-4BDB-97F4-8F452FFE4C87}.BZ|Any CPU.ActiveCfg = BZ|Any CPU
		{37566EE8-C2E7-4BDB-97F4-8F452FFE4C87}.SN1|Any CPU.ActiveCfg = SN1|Any CPU
		{37566EE8-C2E7-4BDB-97F4-8F452FFE4C87}.SN1|Any CPU.Build.0 = SN1|Any CPU
		{37566EE8-C2E7-4BDB-97F4-8F452FFE4C87}.SN2|Any CPU.ActiveCfg = SN2|Any CPU
		{37566EE8-C2E7-4BDB-97F4-8F452FFE4C87}.SN2|Any CPU.Build.0 = SN2|Any CPU
		{F542448C-69D2-4E30-B97B-29CD175A368E}.BZ|Any CPU.ActiveCfg = BZ|Any CPU
		{F542448C-69D2-4E30-B97B-29CD175A368E}.BZ|Any CPU.Build.0 = BZ|Any CPU
		{F542448C-69D2-4E30-B97B-29CD175A368E}.SN1|Any CPU.ActiveCfg = SN1|Any CPU
		{F542448C-69D2-4E30-B97B-29CD175A368E}.SN1|Any CPU.Build.0 = SN1|Any CPU
		{F542448C-69D2-4E30-B97B-29CD175A368E}.SN2|Any CPU.ActiveCfg = SN2|Any CPU
		{F542448C-69D2-4E30-B97B-29CD175A368E}.SN2|Any CPU.Build.0 = SN2|Any CPU
		{0EA09C54-F557-47CE-BC57-1C1975B98AC0}.BZ|Any CPU.ActiveCfg = BZ|Any CPU
		{0EA09C54-F557-47CE-BC57-1C1975B98AC0}.BZ|Any CPU.Build.0 = BZ|Any CPU
		{0EA09C54-F557-47CE-BC57-1C1975B98AC0}.SN1|Any CPU.ActiveCfg = SN1|Any CPU
		{0EA09C54-F557-47CE-BC57-1C1975B98AC0}.SN1|Any CPU.Build.0 = SN1|Any CPU
		{0EA09C54-F557-47CE-BC57-1C1975B98AC0}.SN2|Any CPU.ActiveCfg = SN2|Any CPU
		{0EA09C54-F557-47CE-BC57-1C1975B98AC0}.SN2|Any CPU.Build.0 = SN2|Any CPU
		{84D7394C-5B8F-4ABD-AD43-5C762790ECD2}.BZ|Any CPU.ActiveCfg = BZ|Any CPU
		{84D7394C-5B8F-4ABD-AD43-5C762790ECD2}.SN1|Any CPU.ActiveCfg = SN1|Any CPU
		{84D7394C-5B8F-4ABD-AD43-5C762790ECD2}.SN1|Any CPU.Build.0 = SN1|Any CPU
		{84D7394C-5B8F-4ABD-AD43-5C762790ECD2}.SN2|Any CPU.ActiveCfg = SN2|Any CPU
		{84D7394C-5B8F-4ABD-AD43-5C762790ECD2}.SN2|Any CPU.Build.0 = SN2|Any CPU
		{8E93ACB0-4700-4417-A821-9A1B1AC2905C}.BZ|Any CPU.ActiveCfg = BZ|Any CPU
		{8E93ACB0-4700-4417-A821-9A1B1AC2905C}.BZ|Any CPU.Build.0 = BZ|Any CPU
		{8E93ACB0-4700-4417-A821-9A1B1AC2905C}.SN1|Any CPU.ActiveCfg = SN1|Any CPU
		{8E93ACB0-4700-4417-A821-9A1B1AC2905C}.SN1|Any CPU.Build.0 = SN1|Any CPU
		{8E93ACB0-4700-4417-A821-9A1B1AC2905C}.SN2|Any CPU.ActiveCfg = SN2|Any CPU
		{8E93ACB0-4700-4417-A821-9A1B1AC2905C}.SN2|Any CPU.Build.0 = SN2|Any CPU
		{09C683AF-B5FA-4DF6-8601-8DA9676FE207}.BZ|Any CPU.ActiveCfg = BZ|Any CPU
		{09C683AF-B5FA-4DF6-8601-8DA9676FE207}.BZ|Any CPU.Build.0 = BZ|Any CPU
		{09C683AF-B5FA-4DF6-8601-8DA9676FE207}.SN1|Any CPU.ActiveCfg = SN1|Any CPU
		{09C683AF-B5FA-4DF6-8601-8DA9676FE207}.SN1|Any CPU.Build.0 = SN1|Any CPU
		{09C683AF-B5FA-4DF6-8601-8DA9676FE207}.SN2|Any CPU.ActiveCfg = SN2|Any CPU
		{09C683AF-B5FA-4DF6-8601-8DA9676FE207}.SN2|Any CPU.Build.0 = SN2|Any CPU
		{9EAC1EEA-ED5A-477A-BF80-CE51715CF714}.BZ|Any CPU.ActiveCfg = BZ|Any CPU
		{9EAC1EEA-ED5A-477A-BF80-CE51715CF714}.SN1|Any CPU.ActiveCfg = SN1|Any CPU
		{9EAC1EEA-ED5A-477A-BF80-CE51715CF714}.SN1|Any CPU.Build.0 = SN1|Any CPU
		{9EAC1EEA-ED5A-477A-BF80-CE51715CF714}.SN2|Any CPU.ActiveCfg = SN2|Any CPU
		{9EAC1EEA-ED5A-477A-BF80-CE51715CF714}.SN2|Any CPU.Build.0 = SN2|Any CPU
		{29A35C07-81A7-439D-BC18-77BBBD4BBDA1}.BZ|Any CPU.ActiveCfg = BZ|Any CPU
		{29A35C07-81A7-439D-BC18-77BBBD4BBDA1}.SN1|Any CPU.ActiveCfg = SN1|Any CPU
		{29A35C07-81A7-439D-BC18-77BBBD4BBDA1}.SN1|Any CPU.Build.0 = SN1|Any CPU
		{29A35C07-81A7-439D-BC18-77BBBD4BBDA1}.SN2|Any CPU.ActiveCfg = SN2|Any CPU
		{29A35C07-81A7-439D-BC18-77BBBD4BBDA1}.SN2|Any CPU.Build.0 = SN2|Any CPU
		{08E062C7-F4EF-4E8C-AAD3-1E8EA996977A}.BZ|Any CPU.ActiveCfg = BZ|Any CPU
		{08E062C7-F4EF-4E8C-AAD3-1E8EA996977A}.BZ|Any CPU.Build.0 = BZ|Any CPU
		{08E062C7-F4EF-4E8C-AAD3-1E8EA996977A}.SN1|Any CPU.ActiveCfg = SN1|Any CPU
		{08E062C7-F4EF-4E8C-AAD3-1E8EA996977A}.SN1|Any CPU.Build.0 = SN1|Any CPU
		{08E062C7-F4EF-4E8C-AAD3-1E8EA996977A}.SN2|Any CPU.ActiveCfg = SN2|Any CPU
		{08E062C7-F4EF-4E8C-AAD3-1E8EA996977A}.SN2|Any CPU.Build.0 = SN2|Any CPU
		{17325E18-F573-4654-A3F9-822188F2355C}.BZ|Any CPU.ActiveCfg = BZ|Any CPU
		{17325E18-F573-4654-A3F9-822188F2355C}.SN1|Any CPU.ActiveCfg = SN1|Any CPU
		{17325E18-F573-4654-A3F9-822188F2355C}.SN1|Any CPU.Build.0 = SN1|Any CPU
		{17325E18-F573-4654-A3F9-822188F2355C}.SN2|Any CPU.ActiveCfg = SN2|Any CPU
		{17325E18-F573-4654-A3F9-822188F2355C}.SN2|Any CPU.Build.0 = SN2|Any CPU
		{538BBEE5-D983-4F38-A6E8-97589D43EC9F}.BZ|Any CPU.ActiveCfg = BZ|Any CPU
		{538BBEE5-D983-4F38-A6E8-97589D43EC9F}.BZ|Any CPU.Build.0 = BZ|Any CPU
		{538BBEE5-D983-4F38-A6E8-97589D43EC9F}.SN1|Any CPU.ActiveCfg = SN1|Any CPU
		{538BBEE5-D983-4F38-A6E8-97589D43EC9F}.SN1|Any CPU.Build.0 = SN1|Any CPU
		{538BBEE5-D983-4F38-A6E8-97589D43EC9F}.SN2|Any CPU.ActiveCfg = SN2|Any CPU
		{538BBEE5-D983-4F38-A6E8-97589D43EC9F}.SN2|Any CPU.Build.0 = SN2|Any CPU
		{C483F1D0-F5A2-4DD6-ADE2-EB93B128A442}.BZ|Any CPU.ActiveCfg = BZ|Any CPU
		{C483F1D0-F5A2-4DD6-ADE2-EB93B128A442}.SN1|Any CPU.ActiveCfg = SN1|Any CPU
		{C483F1D0-F5A2-4DD6-ADE2-EB93B128A442}.SN1|Any CPU.Build.0 = SN1|Any CPU
		{C483F1D0-F5A2-4DD6-ADE2-EB93B128A442}.SN2|Any CPU.ActiveCfg = SN2|Any CPU
		{C483F1D0-F5A2-4DD6-ADE2-EB93B128A442}.SN2|Any CPU.Build.0 = SN2|Any CPU
		{C825B15D-A3B7-4137-B503-94A4FBE17CC3}.BZ|Any CPU.ActiveCfg = BZ|Any CPU
		{C825B15D-A3B7-4137-B503-94A4FBE17CC3}.BZ|Any CPU.Build.0 = BZ|Any CPU
		{C825B15D-A3B7-4137-B503-94A4FBE17CC3}.SN1|Any CPU.ActiveCfg = SN1|Any CPU
		{C825B15D-A3B7-4137-B503-94A4FBE17CC3}.SN1|Any CPU.Build.0 = SN1|Any CPU
		{C825B15D-A3B7-4137-B503-94A4FBE17CC3}.SN2|Any CPU.ActiveCfg = SN2|Any CPU
		{C825B15D-A3B7-4137-B503-94A4FBE17CC3}.SN2|Any CPU.Build.0 = SN2|Any CPU
		{57758E09-A4A5-4A0C-8624-D233E428BD15}.BZ|Any CPU.ActiveCfg = BZ|Any CPU
		{57758E09-A4A5-4A0C-8624-D233E428BD15}.BZ|Any CPU.Build.0 = BZ|Any CPU
		{57758E09-A4A5-4A0C-8624-D233E428BD15}.SN1|Any CPU.ActiveCfg = SN1|Any CPU
		{57758E09-A4A5-4A0C-8624-D233E428BD15}.SN1|Any CPU.Build.0 = SN1|Any CPU
		{57758E09-A4A5-4A0C-8624-D233E428BD15}.SN2|Any CPU.ActiveCfg = SN2|Any CPU
		{57758E09-A4A5-4A0C-8624-D233E428BD15}.SN2|Any CPU.Build.0 = SN2|Any CPU
		{A884359E-D474-4512-A69B-002CAB1B68FE}.BZ|Any CPU.ActiveCfg = BZ|Any CPU
		{A884359E-D474-4512-A69B-002CAB1B68FE}.BZ|Any CPU.Build.0 = BZ|Any CPU
		{A884359E-D474-4512-A69B-002CAB1B68FE}.SN1|Any CPU.ActiveCfg = SN1|Any CPU
		{A884359E-D474-4512-A69B-002CAB1B68FE}.SN1|Any CPU.Build.0 = SN1|Any CPU
		{A884359E-D474-4512-A69B-002CAB1B68FE}.SN2|Any CPU.ActiveCfg = SN2|Any CPU
		{A884359E-D474-4512-A69B-002CAB1B68FE}.SN2|Any CPU.Build.0 = SN2|Any CPU
		{29D4B25F-7967-4B06-AD2C-7F4A7F9678FE}.BZ|Any CPU.ActiveCfg = BZ|Any CPU
		{29D4B25F-7967-4B06-AD2C-7F4A7F9678FE}.SN1|Any CPU.ActiveCfg = SN1|Any CPU
		{29D4B25F-7967-4B06-AD2C-7F4A7F9678FE}.SN1|Any CPU.Build.0 = SN1|Any CPU
		{29D4B25F-7967-4B06-AD2C-7F4A7F9678FE}.SN2|Any CPU.ActiveCfg = SN2|Any CPU
		{29D4B25F-7967-4B06-AD2C-7F4A7F9678FE}.SN2|Any CPU.Build.0 = SN2|Any CPU
		{7C3A517D-FC6D-477B-BCD0-CCE243D75ED5}.BZ|Any CPU.ActiveCfg = BZ|Any CPU
		{7C3A517D-FC6D-477B-BCD0-CCE243D75ED5}.BZ|Any CPU.Build.0 = BZ|Any CPU
		{7C3A517D-FC6D-477B-BCD0-CCE243D75ED5}.SN1|Any CPU.ActiveCfg = SN1|Any CPU
		{7C3A517D-FC6D-477B-BCD0-CCE243D75ED5}.SN1|Any CPU.Build.0 = SN1|Any CPU
		{7C3A517D-FC6D-477B-BCD0-CCE243D75ED5}.SN2|Any CPU.ActiveCfg = SN2|Any CPU
		{7C3A517D-FC6D-477B-BCD0-CCE243D75ED5}.SN2|Any CPU.Build.0 = SN2|Any CPU
		{D819C3E5-A3FC-4616-A52E-E17B0B712E2D}.BZ|Any CPU.ActiveCfg = BZ|Any CPU
		{D819C3E5-A3FC-4616-A52E-E17B0B712E2D}.BZ|Any CPU.Build.0 = BZ|Any CPU
		{D819C3E5-A3FC-4616-A52E-E17B0B712E2D}.SN1|Any CPU.ActiveCfg = SN1|Any CPU
		{D819C3E5-A3FC-4616-A52E-E17B0B712E2D}.SN1|Any CPU.Build.0 = SN1|Any CPU
		{D819C3E5-A3FC-4616-A52E-E17B0B712E2D}.SN2|Any CPU.ActiveCfg = SN2|Any CPU
		{D819C3E5-A3FC-4616-A52E-E17B0B712E2D}.SN2|Any CPU.Build.0 = SN2|Any CPU
		{D045B7B8-C7B4-4F39-A9BB-D126DB0E6EDD}.BZ|Any CPU.ActiveCfg = BZ|Any CPU
		{D045B7B8-C7B4-4F39-A9BB-D126DB0E6EDD}.SN1|Any CPU.ActiveCfg = SN1|Any CPU
		{D045B7B8-C7B4-4F39-A9BB-D126DB0E6EDD}.SN1|Any CPU.Build.0 = SN1|Any CPU
		{D045B7B8-C7B4-4F39-A9BB-D126DB0E6EDD}.SN2|Any CPU.ActiveCfg = SN2|Any CPU
		{D045B7B8-C7B4-4F39-A9BB-D126DB0E6EDD}.SN2|Any CPU.Build.0 = SN2|Any CPU
		{19BE3476-0D12-4EFD-984A-EBA56409A602}.BZ|Any CPU.ActiveCfg = BZ|Any CPU
		{19BE3476-0D12-4EFD-984A-EBA56409A602}.BZ|Any CPU.Build.0 = BZ|Any CPU
		{19BE3476-0D12-4EFD-984A-EBA56409A602}.SN1|Any CPU.ActiveCfg = SN1|Any CPU
		{19BE3476-0D12-4EFD-984A-EBA56409A602}.SN1|Any CPU.Build.0 = SN1|Any CPU
		{19BE3476-0D12-4EFD-984A-EBA56409A602}.SN2|Any CPU.ActiveCfg = SN2|Any CPU
		{19BE3476-0D12-4EFD-984A-EBA56409A602}.SN2|Any CPU.Build.0 = SN2|Any CPU
	EndGlobalSection
	GlobalSection(SolutionProperties) = preSolution
		HideSolutionNode = FALSE
	EndGlobalSection
	GlobalSection(ExtensibilityGlobals) = postSolution
		SolutionGuid = {B8B33FF0-F500-4492-B0F8-1D8E0397224E}
	EndGlobalSection
EndGlobal
