
Microsoft Visual Studio Solution File, Format Version 12.00
# Visual Studio Version 17
VisualStudioVersion = 17.0.32014.148
MinimumVisualStudioVersion = 10.0.40219.1
Project("{FAE04EC0-301F-11D3-BF4B-00C04F79EFBC}") = "SnowFoxQuantumLocker", "SnowFoxQuantumLocker.csproj", "{50F0CF02-52E9-409B-89CA-AC9EEF0203A7}"
EndProject
Global
	GlobalSection(SolutionConfigurationPlatforms) = preSolution
		Debug|Any CPU = Debug|Any CPU
		Release|Any CPU = Release|Any CPU
	EndGlobalSection
	GlobalSection(ProjectConfigurationPlatforms) = postSolution
		{50F0CF02-52E9-409B-89CA-AC9EEF0203A7}.Debug|Any CPU.ActiveCfg = Debug|Any CPU
		{50F0CF02-52E9-409B-89CA-AC9EEF0203A7}.Debug|Any CPU.Build.0 = Debug|Any CPU
		{50F0CF02-52E9-409B-89CA-AC9EEF0203A7}.Release|Any CPU.ActiveCfg = Release|Any CPU
		{50F0CF02-52E9-409B-89CA-AC9EEF0203A7}.Release|Any CPU.Build.0 = Release|Any CPU
	EndGlobalSection
	GlobalSection(SolutionProperties) = preSolution
		HideSolutionNode = FALSE
	EndGlobalSection
	GlobalSection(ExtensibilityGlobals) = postSolution
		SolutionGuid = {929C9D88-047F-4938-A1B8-1B948C65BC20}
	EndGlobalSection
EndGlobal
